// !$*UTF8*$!
{
	archiveVersion = 1;
	classes = {
	};
	objectVersion = 56;
	objects = {

/* Begin PBXBuildFile section */
		C414B57B2B64664500B92542 /* AppDelegate.swift in Sources */ = {isa = PBXBuildFile; fileRef = C414B57A2B64664500B92542 /* AppDelegate.swift */; };
		C414B57D2B64664500B92542 /* SceneDelegate.swift in Sources */ = {isa = PBXBuildFile; fileRef = C414B57C2B64664500B92542 /* SceneDelegate.swift */; };
		C414B5842B64664800B92542 /* Assets.xcassets in Resources */ = {isa = PBXBuildFile; fileRef = C414B5832B64664800B92542 /* Assets.xcassets */; };
		C414B5902B64683F00B92542 /* LogInView.swift in Sources */ = {isa = PBXBuildFile; fileRef = C414B58F2B64683F00B92542 /* LogInView.swift */; };
		C414B5922B64685000B92542 /* LogInRouter.swift in Sources */ = {isa = PBXBuildFile; fileRef = C414B5912B64685000B92542 /* LogInRouter.swift */; };
		C414B5942B6469E800B92542 /* LogInPresenter.swift in Sources */ = {isa = PBXBuildFile; fileRef = C414B5932B6469E800B92542 /* LogInPresenter.swift */; };
		C414B5962B64737B00B92542 /* LogInInteractor.swift in Sources */ = {isa = PBXBuildFile; fileRef = C414B5952B64737B00B92542 /* LogInInteractor.swift */; };
		C414B5992B647A9B00B92542 /* PasswordTextField.swift in Sources */ = {isa = PBXBuildFile; fileRef = C414B5982B647A9B00B92542 /* PasswordTextField.swift */; };
		C414B59C2B647C6600B92542 /* String+ValidateEmail.swift in Sources */ = {isa = PBXBuildFile; fileRef = C414B59B2B647C6600B92542 /* String+ValidateEmail.swift */; };
		C414B59E2B647C9C00B92542 /* UITextField+PaddingLeft.swift in Sources */ = {isa = PBXBuildFile; fileRef = C414B59D2B647C9C00B92542 /* UITextField+PaddingLeft.swift */; };
		C414B5A02B64B47D00B92542 /* ErrorTextLabel.swift in Sources */ = {isa = PBXBuildFile; fileRef = C414B59F2B64B47D00B92542 /* ErrorTextLabel.swift */; };
		C414B5A32B64C28900B92542 /* ApiCallers.swift in Sources */ = {isa = PBXBuildFile; fileRef = C414B5A22B64C28900B92542 /* ApiCallers.swift */; };
		C414B5A62B65483300B92542 /* SessionManager.swift in Sources */ = {isa = PBXBuildFile; fileRef = C414B5A52B65483300B92542 /* SessionManager.swift */; };
		C414B5A92B654D4900B92542 /* ListBooksView.swift in Sources */ = {isa = PBXBuildFile; fileRef = C414B5A82B654D4900B92542 /* ListBooksView.swift */; };
		C414B5AB2B654D5D00B92542 /* ListBooksRouter.swift in Sources */ = {isa = PBXBuildFile; fileRef = C414B5AA2B654D5D00B92542 /* ListBooksRouter.swift */; };
		C414B5AD2B654D6F00B92542 /* ListBooksPresenter.swift in Sources */ = {isa = PBXBuildFile; fileRef = C414B5AC2B654D6F00B92542 /* ListBooksPresenter.swift */; };
		C414B5AF2B654D8200B92542 /* ListBooksInteractor.swift in Sources */ = {isa = PBXBuildFile; fileRef = C414B5AE2B654D8200B92542 /* ListBooksInteractor.swift */; };
		C414B5B32B675EFA00B92542 /* ListBookEntity.swift in Sources */ = {isa = PBXBuildFile; fileRef = C414B5B22B675EFA00B92542 /* ListBookEntity.swift */; };
		C414B5B62B676E3E00B92542 /* SDWebImage in Frameworks */ = {isa = PBXBuildFile; productRef = C414B5B52B676E3E00B92542 /* SDWebImage */; };
		C414B5B82B676E3E00B92542 /* SDWebImageMapKit in Frameworks */ = {isa = PBXBuildFile; productRef = C414B5B72B676E3E00B92542 /* SDWebImageMapKit */; };
		C414B5BB2B676F2500B92542 /* BookCell.swift in Sources */ = {isa = PBXBuildFile; fileRef = C414B5BA2B676F2500B92542 /* BookCell.swift */; };
/* End PBXBuildFile section */

/* Begin PBXFileReference section */
		C414B5772B64664500B92542 /* Timetonic.app */ = {isa = PBXFileReference; explicitFileType = wrapper.application; includeInIndex = 0; path = Timetonic.app; sourceTree = BUILT_PRODUCTS_DIR; };
		C414B57A2B64664500B92542 /* AppDelegate.swift */ = {isa = PBXFileReference; lastKnownFileType = sourcecode.swift; path = AppDelegate.swift; sourceTree = "<group>"; };
		C414B57C2B64664500B92542 /* SceneDelegate.swift */ = {isa = PBXFileReference; lastKnownFileType = sourcecode.swift; path = SceneDelegate.swift; sourceTree = "<group>"; };
		C414B5832B64664800B92542 /* Assets.xcassets */ = {isa = PBXFileReference; lastKnownFileType = folder.assetcatalog; path = Assets.xcassets; sourceTree = "<group>"; };
		C414B5882B64664800B92542 /* Info.plist */ = {isa = PBXFileReference; lastKnownFileType = text.plist.xml; path = Info.plist; sourceTree = "<group>"; };
		C414B58F2B64683F00B92542 /* LogInView.swift */ = {isa = PBXFileReference; lastKnownFileType = sourcecode.swift; path = LogInView.swift; sourceTree = "<group>"; };
		C414B5912B64685000B92542 /* LogInRouter.swift */ = {isa = PBXFileReference; lastKnownFileType = sourcecode.swift; path = LogInRouter.swift; sourceTree = "<group>"; };
		C414B5932B6469E800B92542 /* LogInPresenter.swift */ = {isa = PBXFileReference; lastKnownFileType = sourcecode.swift; path = LogInPresenter.swift; sourceTree = "<group>"; };
		C414B5952B64737B00B92542 /* LogInInteractor.swift */ = {isa = PBXFileReference; lastKnownFileType = sourcecode.swift; path = LogInInteractor.swift; sourceTree = "<group>"; };
		C414B5982B647A9B00B92542 /* PasswordTextField.swift */ = {isa = PBXFileReference; lastKnownFileType = sourcecode.swift; path = PasswordTextField.swift; sourceTree = "<group>"; };
		C414B59B2B647C6600B92542 /* String+ValidateEmail.swift */ = {isa = PBXFileReference; lastKnownFileType = sourcecode.swift; path = "String+ValidateEmail.swift"; sourceTree = "<group>"; };
		C414B59D2B647C9C00B92542 /* UITextField+PaddingLeft.swift */ = {isa = PBXFileReference; lastKnownFileType = sourcecode.swift; path = "UITextField+PaddingLeft.swift"; sourceTree = "<group>"; };
		C414B59F2B64B47D00B92542 /* ErrorTextLabel.swift */ = {isa = PBXFileReference; lastKnownFileType = sourcecode.swift; path = ErrorTextLabel.swift; sourceTree = "<group>"; };
		C414B5A22B64C28900B92542 /* ApiCallers.swift */ = {isa = PBXFileReference; lastKnownFileType = sourcecode.swift; path = ApiCallers.swift; sourceTree = "<group>"; };
		C414B5A52B65483300B92542 /* SessionManager.swift */ = {isa = PBXFileReference; lastKnownFileType = sourcecode.swift; path = SessionManager.swift; sourceTree = "<group>"; };
		C414B5A82B654D4900B92542 /* ListBooksView.swift */ = {isa = PBXFileReference; lastKnownFileType = sourcecode.swift; path = ListBooksView.swift; sourceTree = "<group>"; };
		C414B5AA2B654D5D00B92542 /* ListBooksRouter.swift */ = {isa = PBXFileReference; lastKnownFileType = sourcecode.swift; path = ListBooksRouter.swift; sourceTree = "<group>"; };
		C414B5AC2B654D6F00B92542 /* ListBooksPresenter.swift */ = {isa = PBXFileReference; lastKnownFileType = sourcecode.swift; path = ListBooksPresenter.swift; sourceTree = "<group>"; };
		C414B5AE2B654D8200B92542 /* ListBooksInteractor.swift */ = {isa = PBXFileReference; lastKnownFileType = sourcecode.swift; path = ListBooksInteractor.swift; sourceTree = "<group>"; };
		C414B5B22B675EFA00B92542 /* ListBookEntity.swift */ = {isa = PBXFileReference; lastKnownFileType = sourcecode.swift; path = ListBookEntity.swift; sourceTree = "<group>"; };
		C414B5BA2B676F2500B92542 /* BookCell.swift */ = {isa = PBXFileReference; lastKnownFileType = sourcecode.swift; path = BookCell.swift; sourceTree = "<group>"; };
/* End PBXFileReference section */

/* Begin PBXFrameworksBuildPhase section */
		C414B5742B64664500B92542 /* Frameworks */ = {
			isa = PBXFrameworksBuildPhase;
			buildActionMask = 2147483647;
			files = (
				C414B5B82B676E3E00B92542 /* SDWebImageMapKit in Frameworks */,
				C414B5B62B676E3E00B92542 /* SDWebImage in Frameworks */,
			);
			runOnlyForDeploymentPostprocessing = 0;
		};
/* End PBXFrameworksBuildPhase section */

/* Begin PBXGroup section */
		C414B56E2B64664500B92542 = {
			isa = PBXGroup;
			children = (
				C414B5792B64664500B92542 /* Timetonic */,
				C414B5782B64664500B92542 /* Products */,
			);
			sourceTree = "<group>";
		};
		C414B5782B64664500B92542 /* Products */ = {
			isa = PBXGroup;
			children = (
				C414B5772B64664500B92542 /* Timetonic.app */,
			);
			name = Products;
			sourceTree = "<group>";
		};
		C414B5792B64664500B92542 /* Timetonic */ = {
			isa = PBXGroup;
			children = (
				C414B5B12B66A8C200B92542 /* Assets */,
				C414B5B02B66A8AA00B92542 /* Delegates */,
				C414B5A72B654D3100B92542 /* ListBooks */,
				C414B5A42B65481900B92542 /* Managers */,
				C414B5A12B64C27200B92542 /* ApiCallers */,
				C414B59A2B647C3000B92542 /* Helpers */,
				C414B5972B647A7400B92542 /* Commons */,
				C414B58E2B64680800B92542 /* LogIn */,
				C414B5882B64664800B92542 /* Info.plist */,
			);
			path = Timetonic;
			sourceTree = "<group>";
		};
		C414B58E2B64680800B92542 /* LogIn */ = {
			isa = PBXGroup;
			children = (
				C414B58F2B64683F00B92542 /* LogInView.swift */,
				C414B5932B6469E800B92542 /* LogInPresenter.swift */,
				C414B5912B64685000B92542 /* LogInRouter.swift */,
				C414B5952B64737B00B92542 /* LogInInteractor.swift */,
			);
			path = LogIn;
			sourceTree = "<group>";
		};
		C414B5972B647A7400B92542 /* Commons */ = {
			isa = PBXGroup;
			children = (
				C414B5982B647A9B00B92542 /* PasswordTextField.swift */,
				C414B59F2B64B47D00B92542 /* ErrorTextLabel.swift */,
			);
			path = Commons;
			sourceTree = "<group>";
		};
		C414B59A2B647C3000B92542 /* Helpers */ = {
			isa = PBXGroup;
			children = (
				C414B59B2B647C6600B92542 /* String+ValidateEmail.swift */,
				C414B59D2B647C9C00B92542 /* UITextField+PaddingLeft.swift */,
			);
			path = Helpers;
			sourceTree = "<group>";
		};
		C414B5A12B64C27200B92542 /* ApiCallers */ = {
			isa = PBXGroup;
			children = (
				C414B5A22B64C28900B92542 /* ApiCallers.swift */,
			);
			path = ApiCallers;
			sourceTree = "<group>";
		};
		C414B5A42B65481900B92542 /* Managers */ = {
			isa = PBXGroup;
			children = (
				C414B5A52B65483300B92542 /* SessionManager.swift */,
			);
			path = Managers;
			sourceTree = "<group>";
		};
		C414B5A72B654D3100B92542 /* ListBooks */ = {
			isa = PBXGroup;
			children = (
				C414B5B92B676EEE00B92542 /* Cell */,
				C414B5A82B654D4900B92542 /* ListBooksView.swift */,
				C414B5AA2B654D5D00B92542 /* ListBooksRouter.swift */,
				C414B5AC2B654D6F00B92542 /* ListBooksPresenter.swift */,
				C414B5AE2B654D8200B92542 /* ListBooksInteractor.swift */,
				C414B5B22B675EFA00B92542 /* ListBookEntity.swift */,
			);
			path = ListBooks;
			sourceTree = "<group>";
		};
		C414B5B02B66A8AA00B92542 /* Delegates */ = {
			isa = PBXGroup;
			children = (
				C414B57C2B64664500B92542 /* SceneDelegate.swift */,
				C414B57A2B64664500B92542 /* AppDelegate.swift */,
			);
			path = Delegates;
			sourceTree = "<group>";
		};
		C414B5B12B66A8C200B92542 /* Assets */ = {
			isa = PBXGroup;
			children = (
				C414B5832B64664800B92542 /* Assets.xcassets */,
			);
			path = Assets;
			sourceTree = "<group>";
		};
		C414B5B92B676EEE00B92542 /* Cell */ = {
			isa = PBXGroup;
			children = (
				C414B5BA2B676F2500B92542 /* BookCell.swift */,
			);
			path = Cell;
			sourceTree = "<group>";
		};
/* End PBXGroup section */

/* Begin PBXNativeTarget section */
		C414B5762B64664500B92542 /* Timetonic */ = {
			isa = PBXNativeTarget;
			buildConfigurationList = C414B58B2B64664800B92542 /* Build configuration list for PBXNativeTarget "Timetonic" */;
			buildPhases = (
				C414B5732B64664500B92542 /* Sources */,
				C414B5742B64664500B92542 /* Frameworks */,
				C414B5752B64664500B92542 /* Resources */,
			);
			buildRules = (
			);
			dependencies = (
			);
			name = Timetonic;
			packageProductDependencies = (
				C414B5B52B676E3E00B92542 /* SDWebImage */,
				C414B5B72B676E3E00B92542 /* SDWebImageMapKit */,
			);
			productName = Timetonic;
			productReference = C414B5772B64664500B92542 /* Timetonic.app */;
			productType = "com.apple.product-type.application";
		};
/* End PBXNativeTarget section */

/* Begin PBXProject section */
		C414B56F2B64664500B92542 /* Project object */ = {
			isa = PBXProject;
			attributes = {
				BuildIndependentTargetsInParallel = 1;
				LastSwiftUpdateCheck = 1500;
				LastUpgradeCheck = 1500;
				TargetAttributes = {
					C414B5762B64664500B92542 = {
						CreatedOnToolsVersion = 15.0;
					};
				};
			};
			buildConfigurationList = C414B5722B64664500B92542 /* Build configuration list for PBXProject "Timetonic" */;
			compatibilityVersion = "Xcode 14.0";
			developmentRegion = en;
			hasScannedForEncodings = 0;
			knownRegions = (
				en,
				Base,
			);
			mainGroup = C414B56E2B64664500B92542;
			packageReferences = (
				C414B5B42B676E3E00B92542 /* XCRemoteSwiftPackageReference "SDWebImage" */,
			);
			productRefGroup = C414B5782B64664500B92542 /* Products */;
			projectDirPath = "";
			projectRoot = "";
			targets = (
				C414B5762B64664500B92542 /* Timetonic */,
			);
		};
/* End PBXProject section */

/* Begin PBXResourcesBuildPhase section */
		C414B5752B64664500B92542 /* Resources */ = {
			isa = PBXResourcesBuildPhase;
			buildActionMask = 2147483647;
			files = (
				C414B5842B64664800B92542 /* Assets.xcassets in Resources */,
			);
			runOnlyForDeploymentPostprocessing = 0;
		};
/* End PBXResourcesBuildPhase section */

/* Begin PBXSourcesBuildPhase section */
		C414B5732B64664500B92542 /* Sources */ = {
			isa = PBXSourcesBuildPhase;
			buildActionMask = 2147483647;
			files = (
				C414B5BB2B676F2500B92542 /* BookCell.swift in Sources */,
				C414B5B32B675EFA00B92542 /* ListBookEntity.swift in Sources */,
				C414B5AF2B654D8200B92542 /* ListBooksInteractor.swift in Sources */,
				C414B57B2B64664500B92542 /* AppDelegate.swift in Sources */,
				C414B5AB2B654D5D00B92542 /* ListBooksRouter.swift in Sources */,
				C414B5942B6469E800B92542 /* LogInPresenter.swift in Sources */,
				C414B5902B64683F00B92542 /* LogInView.swift in Sources */,
				C414B5AD2B654D6F00B92542 /* ListBooksPresenter.swift in Sources */,
				C414B59E2B647C9C00B92542 /* UITextField+PaddingLeft.swift in Sources */,
				C414B5922B64685000B92542 /* LogInRouter.swift in Sources */,
				C414B5962B64737B00B92542 /* LogInInteractor.swift in Sources */,
				C414B5A92B654D4900B92542 /* ListBooksView.swift in Sources */,
				C414B5992B647A9B00B92542 /* PasswordTextField.swift in Sources */,
				C414B59C2B647C6600B92542 /* String+ValidateEmail.swift in Sources */,
				C414B57D2B64664500B92542 /* SceneDelegate.swift in Sources */,
				C414B5A02B64B47D00B92542 /* ErrorTextLabel.swift in Sources */,
				C414B5A32B64C28900B92542 /* ApiCallers.swift in Sources */,
				C414B5A62B65483300B92542 /* SessionManager.swift in Sources */,
			);
			runOnlyForDeploymentPostprocessing = 0;
		};
/* End PBXSourcesBuildPhase section */

/* Begin XCBuildConfiguration section */
		C414B5892B64664800B92542 /* Debug */ = {
			isa = XCBuildConfiguration;
			buildSettings = {
				ALWAYS_SEARCH_USER_PATHS = NO;
				ASSETCATALOG_COMPILER_GENERATE_SWIFT_ASSET_SYMBOL_EXTENSIONS = YES;
				CLANG_ANALYZER_NONNULL = YES;
				CLANG_ANALYZER_NUMBER_OBJECT_CONVERSION = YES_AGGRESSIVE;
				CLANG_CXX_LANGUAGE_STANDARD = "gnu++20";
				CLANG_ENABLE_MODULES = YES;
				CLANG_ENABLE_OBJC_ARC = YES;
				CLANG_ENABLE_OBJC_WEAK = YES;
				CLANG_WARN_BLOCK_CAPTURE_AUTORELEASING = YES;
				CLANG_WARN_BOOL_CONVERSION = YES;
				CLANG_WARN_COMMA = YES;
				CLANG_WARN_CONSTANT_CONVERSION = YES;
				CLANG_WARN_DEPRECATED_OBJC_IMPLEMENTATIONS = YES;
				CLANG_WARN_DIRECT_OBJC_ISA_USAGE = YES_ERROR;
				CLANG_WARN_DOCUMENTATION_COMMENTS = YES;
				CLANG_WARN_EMPTY_BODY = YES;
				CLANG_WARN_ENUM_CONVERSION = YES;
				CLANG_WARN_INFINITE_RECURSION = YES;
				CLANG_WARN_INT_CONVERSION = YES;
				CLANG_WARN_NON_LITERAL_NULL_CONVERSION = YES;
				CLANG_WARN_OBJC_IMPLICIT_RETAIN_SELF = YES;
				CLANG_WARN_OBJC_LITERAL_CONVERSION = YES;
				CLANG_WARN_OBJC_ROOT_CLASS = YES_ERROR;
				CLANG_WARN_QUOTED_INCLUDE_IN_FRAMEWORK_HEADER = YES;
				CLANG_WARN_RANGE_LOOP_ANALYSIS = YES;
				CLANG_WARN_STRICT_PROTOTYPES = YES;
				CLANG_WARN_SUSPICIOUS_MOVE = YES;
				CLANG_WARN_UNGUARDED_AVAILABILITY = YES_AGGRESSIVE;
				CLANG_WARN_UNREACHABLE_CODE = YES;
				CLANG_WARN__DUPLICATE_METHOD_MATCH = YES;
				COPY_PHASE_STRIP = NO;
				DEBUG_INFORMATION_FORMAT = dwarf;
				ENABLE_STRICT_OBJC_MSGSEND = YES;
				ENABLE_TESTABILITY = YES;
				ENABLE_USER_SCRIPT_SANDBOXING = YES;
				GCC_C_LANGUAGE_STANDARD = gnu17;
				GCC_DYNAMIC_NO_PIC = NO;
				GCC_NO_COMMON_BLOCKS = YES;
				GCC_OPTIMIZATION_LEVEL = 0;
				GCC_PREPROCESSOR_DEFINITIONS = (
					"DEBUG=1",
					"$(inherited)",
				);
				GCC_WARN_64_TO_32_BIT_CONVERSION = YES;
				GCC_WARN_ABOUT_RETURN_TYPE = YES_ERROR;
				GCC_WARN_UNDECLARED_SELECTOR = YES;
				GCC_WARN_UNINITIALIZED_AUTOS = YES_AGGRESSIVE;
				GCC_WARN_UNUSED_FUNCTION = YES;
				GCC_WARN_UNUSED_VARIABLE = YES;
				IPHONEOS_DEPLOYMENT_TARGET = 17.0;
				LOCALIZATION_PREFERS_STRING_CATALOGS = YES;
				MTL_ENABLE_DEBUG_INFO = INCLUDE_SOURCE;
				MTL_FAST_MATH = YES;
				ONLY_ACTIVE_ARCH = YES;
				SDKROOT = iphoneos;
				SWIFT_ACTIVE_COMPILATION_CONDITIONS = "DEBUG $(inherited)";
				SWIFT_OPTIMIZATION_LEVEL = "-Onone";
			};
			name = Debug;
		};
		C414B58A2B64664800B92542 /* Release */ = {
			isa = XCBuildConfiguration;
			buildSettings = {
				ALWAYS_SEARCH_USER_PATHS = NO;
				ASSETCATALOG_COMPILER_GENERATE_SWIFT_ASSET_SYMBOL_EXTENSIONS = YES;
				CLANG_ANALYZER_NONNULL = YES;
				CLANG_ANALYZER_NUMBER_OBJECT_CONVERSION = YES_AGGRESSIVE;
				CLANG_CXX_LANGUAGE_STANDARD = "gnu++20";
				CLANG_ENABLE_MODULES = YES;
				CLANG_ENABLE_OBJC_ARC = YES;
				CLANG_ENABLE_OBJC_WEAK = YES;
				CLANG_WARN_BLOCK_CAPTURE_AUTORELEASING = YES;
				CLANG_WARN_BOOL_CONVERSION = YES;
				CLANG_WARN_COMMA = YES;
				CLANG_WARN_CONSTANT_CONVERSION = YES;
				CLANG_WARN_DEPRECATED_OBJC_IMPLEMENTATIONS = YES;
				CLANG_WARN_DIRECT_OBJC_ISA_USAGE = YES_ERROR;
				CLANG_WARN_DOCUMENTATION_COMMENTS = YES;
				CLANG_WARN_EMPTY_BODY = YES;
				CLANG_WARN_ENUM_CONVERSION = YES;
				CLANG_WARN_INFINITE_RECURSION = YES;
				CLANG_WARN_INT_CONVERSION = YES;
				CLANG_WARN_NON_LITERAL_NULL_CONVERSION = YES;
				CLANG_WARN_OBJC_IMPLICIT_RETAIN_SELF = YES;
				CLANG_WARN_OBJC_LITERAL_CONVERSION = YES;
				CLANG_WARN_OBJC_ROOT_CLASS = YES_ERROR;
				CLANG_WARN_QUOTED_INCLUDE_IN_FRAMEWORK_HEADER = YES;
				CLANG_WARN_RANGE_LOOP_ANALYSIS = YES;
				CLANG_WARN_STRICT_PROTOTYPES = YES;
				CLANG_WARN_SUSPICIOUS_MOVE = YES;
				CLANG_WARN_UNGUARDED_AVAILABILITY = YES_AGGRESSIVE;
				CLANG_WARN_UNREACHABLE_CODE = YES;
				CLANG_WARN__DUPLICATE_METHOD_MATCH = YES;
				COPY_PHASE_STRIP = NO;
				DEBUG_INFORMATION_FORMAT = "dwarf-with-dsym";
				ENABLE_NS_ASSERTIONS = NO;
				ENABLE_STRICT_OBJC_MSGSEND = YES;
				ENABLE_USER_SCRIPT_SANDBOXING = YES;
				GCC_C_LANGUAGE_STANDARD = gnu17;
				GCC_NO_COMMON_BLOCKS = YES;
				GCC_WARN_64_TO_32_BIT_CONVERSION = YES;
				GCC_WARN_ABOUT_RETURN_TYPE = YES_ERROR;
				GCC_WARN_UNDECLARED_SELECTOR = YES;
				GCC_WARN_UNINITIALIZED_AUTOS = YES_AGGRESSIVE;
				GCC_WARN_UNUSED_FUNCTION = YES;
				GCC_WARN_UNUSED_VARIABLE = YES;
				IPHONEOS_DEPLOYMENT_TARGET = 17.0;
				LOCALIZATION_PREFERS_STRING_CATALOGS = YES;
				MTL_ENABLE_DEBUG_INFO = NO;
				MTL_FAST_MATH = YES;
				SDKROOT = iphoneos;
				SWIFT_COMPILATION_MODE = wholemodule;
				VALIDATE_PRODUCT = YES;
			};
			name = Release;
		};
		C414B58C2B64664800B92542 /* Debug */ = {
			isa = XCBuildConfiguration;
			buildSettings = {
				ASSETCATALOG_COMPILER_APPICON_NAME = AppIcon;
				ASSETCATALOG_COMPILER_GLOBAL_ACCENT_COLOR_NAME = AccentColor;
				CODE_SIGN_STYLE = Automatic;
				CURRENT_PROJECT_VERSION = 1;
				DEVELOPMENT_TEAM = R3AXTCLPKH;
				GENERATE_INFOPLIST_FILE = YES;
				INFOPLIST_FILE = Timetonic/Info.plist;
				INFOPLIST_KEY_UIApplicationSupportsIndirectInputEvents = YES;
				INFOPLIST_KEY_UILaunchStoryboardName = LaunchScreen;
				INFOPLIST_KEY_UISupportedInterfaceOrientations_iPad = "UIInterfaceOrientationPortrait UIInterfaceOrientationPortraitUpsideDown UIInterfaceOrientationLandscapeLeft UIInterfaceOrientationLandscapeRight";
				INFOPLIST_KEY_UISupportedInterfaceOrientations_iPhone = "UIInterfaceOrientationPortrait UIInterfaceOrientationLandscapeLeft UIInterfaceOrientationLandscapeRight";
				IPHONEOS_DEPLOYMENT_TARGET = 15.0;
				LD_RUNPATH_SEARCH_PATHS = (
					"$(inherited)",
					"@executable_path/Frameworks",
				);
				MARKETING_VERSION = 1.0;
				PRODUCT_BUNDLE_IDENTIFIER = com.akelbarbosa.Timetonic;
				PRODUCT_NAME = "$(TARGET_NAME)";
				SWIFT_EMIT_LOC_STRINGS = YES;
				SWIFT_VERSION = 5.0;
				TARGETED_DEVICE_FAMILY = "1,2";
			};
			name = Debug;
		};
		C414B58D2B64664800B92542 /* Release */ = {
			isa = XCBuildConfiguration;
			buildSettings = {
				ASSETCATALOG_COMPILER_APPICON_NAME = AppIcon;
				ASSETCATALOG_COMPILER_GLOBAL_ACCENT_COLOR_NAME = AccentColor;
				CODE_SIGN_STYLE = Automatic;
				CURRENT_PROJECT_VERSION = 1;
				DEVELOPMENT_TEAM = R3AXTCLPKH;
				GENERATE_INFOPLIST_FILE = YES;
				INFOPLIST_FILE = Timetonic/Info.plist;
				INFOPLIST_KEY_UIApplicationSupportsIndirectInputEvents = YES;
				INFOPLIST_KEY_UILaunchStoryboardName = LaunchScreen;
				INFOPLIST_KEY_UISupportedInterfaceOrientations_iPad = "UIInterfaceOrientationPortrait UIInterfaceOrientationPortraitUpsideDown UIInterfaceOrientationLandscapeLeft UIInterfaceOrientationLandscapeRight";
				INFOPLIST_KEY_UISupportedInterfaceOrientations_iPhone = "UIInterfaceOrientationPortrait UIInterfaceOrientationLandscapeLeft UIInterfaceOrientationLandscapeRight";
				IPHONEOS_DEPLOYMENT_TARGET = 15.0;
				LD_RUNPATH_SEARCH_PATHS = (
					"$(inherited)",
					"@executable_path/Frameworks",
				);
				MARKETING_VERSION = 1.0;
				PRODUCT_BUNDLE_IDENTIFIER = com.akelbarbosa.Timetonic;
				PRODUCT_NAME = "$(TARGET_NAME)";
				SWIFT_EMIT_LOC_STRINGS = YES;
				SWIFT_VERSION = 5.0;
				TARGETED_DEVICE_FAMILY = "1,2";
			};
			name = Release;
		};
/* End XCBuildConfiguration section */

/* Begin XCConfigurationList section */
		C414B5722B64664500B92542 /* Build configuration list for PBXProject "Timetonic" */ = {
			isa = XCConfigurationList;
			buildConfigurations = (
				C414B5892B64664800B92542 /* Debug */,
				C414B58A2B64664800B92542 /* Release */,
			);
			defaultConfigurationIsVisible = 0;
			defaultConfigurationName = Release;
		};
		C414B58B2B64664800B92542 /* Build configuration list for PBXNativeTarget "Timetonic" */ = {
			isa = XCConfigurationList;
			buildConfigurations = (
				C414B58C2B64664800B92542 /* Debug */,
				C414B58D2B64664800B92542 /* Release */,
			);
			defaultConfigurationIsVisible = 0;
			defaultConfigurationName = Release;
		};
/* End XCConfigurationList section */

/* Begin XCRemoteSwiftPackageReference section */
		C414B5B42B676E3E00B92542 /* XCRemoteSwiftPackageReference "SDWebImage" */ = {
			isa = XCRemoteSwiftPackageReference;
			repositoryURL = "https://github.com/SDWebImage/SDWebImage.git";
			requirement = {
				kind = upToNextMajorVersion;
				minimumVersion = 5.18.10;
			};
		};
/* End XCRemoteSwiftPackageReference section */

/* Begin XCSwiftPackageProductDependency section */
		C414B5B52B676E3E00B92542 /* SDWebImage */ = {
			isa = XCSwiftPackageProductDependency;
			package = C414B5B42B676E3E00B92542 /* XCRemoteSwiftPackageReference "SDWebImage" */;
			productName = SDWebImage;
		};
		C414B5B72B676E3E00B92542 /* SDWebImageMapKit */ = {
			isa = XCSwiftPackageProductDependency;
			package = C414B5B42B676E3E00B92542 /* XCRemoteSwiftPackageReference "SDWebImage" */;
			productName = SDWebImageMapKit;
		};
/* End XCSwiftPackageProductDependency section */
	};
	rootObject = C414B56F2B64664500B92542 /* Project object */;
}
